
Microsoft Visual Studio Solution File, Format Version 12.00
# Visual Studio 2013
VisualStudioVersion = 12.0.31101.0
MinimumVisualStudioVersion = 10.0.40219.1
Project("{8BC9CEB8-8B4A-11D0-8D11-00A0C91BC942}") = "KeyboardTrap", "KeyboardTrap\KeyboardTrap.vcxproj", "{39FE349F-E9E0-4279-9258-D3E0BF121A6B}"
EndProject
Project("{8BC9CEB8-8B4A-11D0-8D11-00A0C91BC942}") = "KeyboardTrapInstaller", "KeyboardTrapInstaller\KeyboardTrapInstaller.vcxproj", "{151E645B-ECF9-40AB-9422-3669ECDC80B8}"
	ProjectSection(ProjectDependencies) = postProject
		{39FE349F-E9E0-4279-9258-D3E0BF121A6B} = {39FE349F-E9E0-4279-9258-D3E0BF121A6B}
	EndProjectSection
EndProject
Global
	GlobalSection(SolutionConfigurationPlatforms) = preSolution
		Win7 Debug|Win32 = Win7 Debug|Win32
		Win7 Debug|x64 = Win7 Debug|x64
		Win7 Release|Win32 = Win7 Release|Win32
		Win7 Release|x64 = Win7 Release|x64
		Win8 Debug|Win32 = Win8 Debug|Win32
		Win8 Debug|x64 = Win8 Debug|x64
		Win8 Release|Win32 = Win8 Release|Win32
		Win8 Release|x64 = Win8 Release|x64
		Win8.1 Debug|Win32 = Win8.1 Debug|Win32
		Win8.1 Debug|x64 = Win8.1 Debug|x64
		Win8.1 Release|Win32 = Win8.1 Release|Win32
		Win8.1 Release|x64 = Win8.1 Release|x64
	EndGlobalSection
	GlobalSection(ProjectConfigurationPlatforms) = postSolution
		{39FE349F-E9E0-4279-9258-D3E0BF121A6B}.Win7 Debug|Win32.ActiveCfg = Win7 Debug|Win32
		{39FE349F-E9E0-4279-9258-D3E0BF121A6B}.Win7 Debug|Win32.Build.0 = Win7 Debug|Win32
		{39FE349F-E9E0-4279-9258-D3E0BF121A6B}.Win7 Debug|Win32.Deploy.0 = Win7 Debug|Win32
		{39FE349F-E9E0-4279-9258-D3E0BF121A6B}.Win7 Debug|x64.ActiveCfg = Win7 Debug|x64
		{39FE349F-E9E0-4279-9258-D3E0BF121A6B}.Win7 Debug|x64.Build.0 = Win7 Debug|x64
		{39FE349F-E9E0-4279-9258-D3E0BF121A6B}.Win7 Debug|x64.Deploy.0 = Win7 Debug|x64
		{39FE349F-E9E0-4279-9258-D3E0BF121A6B}.Win7 Release|Win32.ActiveCfg = Win7 Release|Win32
		{39FE349F-E9E0-4279-9258-D3E0BF121A6B}.Win7 Release|Win32.Build.0 = Win7 Release|Win32
		{39FE349F-E9E0-4279-9258-D3E0BF121A6B}.Win7 Release|Win32.Deploy.0 = Win7 Release|Win32
		{39FE349F-E9E0-4279-9258-D3E0BF121A6B}.Win7 Release|x64.ActiveCfg = Win7 Release|x64
		{39FE349F-E9E0-4279-9258-D3E0BF121A6B}.Win7 Release|x64.Build.0 = Win7 Release|x64
		{39FE349F-E9E0-4279-9258-D3E0BF121A6B}.Win7 Release|x64.Deploy.0 = Win7 Release|x64
		{39FE349F-E9E0-4279-9258-D3E0BF121A6B}.Win8 Debug|Win32.ActiveCfg = Win8 Debug|Win32
		{39FE349F-E9E0-4279-9258-D3E0BF121A6B}.Win8 Debug|Win32.Build.0 = Win8 Debug|Win32
		{39FE349F-E9E0-4279-9258-D3E0BF121A6B}.Win8 Debug|Win32.Deploy.0 = Win8 Debug|Win32
		{39FE349F-E9E0-4279-9258-D3E0BF121A6B}.Win8 Debug|x64.ActiveCfg = Win8 Debug|x64
		{39FE349F-E9E0-4279-9258-D3E0BF121A6B}.Win8 Debug|x64.Build.0 = Win8 Debug|x64
		{39FE349F-E9E0-4279-9258-D3E0BF121A6B}.Win8 Debug|x64.Deploy.0 = Win8 Debug|x64
		{39FE349F-E9E0-4279-9258-D3E0BF121A6B}.Win8 Release|Win32.ActiveCfg = Win8 Release|Win32
		{39FE349F-E9E0-4279-9258-D3E0BF121A6B}.Win8 Release|Win32.Build.0 = Win8 Release|Win32
		{39FE349F-E9E0-4279-9258-D3E0BF121A6B}.Win8 Release|Win32.Deploy.0 = Win8 Release|Win32
		{39FE349F-E9E0-4279-9258-D3E0BF121A6B}.Win8 Release|x64.ActiveCfg = Win8 Release|x64
		{39FE349F-E9E0-4279-9258-D3E0BF121A6B}.Win8 Release|x64.Build.0 = Win8 Release|x64
		{39FE349F-E9E0-4279-9258-D3E0BF121A6B}.Win8 Release|x64.Deploy.0 = Win8 Release|x64
		{39FE349F-E9E0-4279-9258-D3E0BF121A6B}.Win8.1 Debug|Win32.ActiveCfg = Win8.1 Debug|Win32
		{39FE349F-E9E0-4279-9258-D3E0BF121A6B}.Win8.1 Debug|Win32.Build.0 = Win8.1 Debug|Win32
		{39FE349F-E9E0-4279-9258-D3E0BF121A6B}.Win8.1 Debug|Win32.Deploy.0 = Win8.1 Debug|Win32
		{39FE349F-E9E0-4279-9258-D3E0BF121A6B}.Win8.1 Debug|x64.ActiveCfg = Win8.1 Debug|x64
		{39FE349F-E9E0-4279-9258-D3E0BF121A6B}.Win8.1 Debug|x64.Build.0 = Win8.1 Debug|x64
		{39FE349F-E9E0-4279-9258-D3E0BF121A6B}.Win8.1 Debug|x64.Deploy.0 = Win8.1 Debug|x64
		{39FE349F-E9E0-4279-9258-D3E0BF121A6B}.Win8.1 Release|Win32.ActiveCfg = Win8.1 Release|Win32
		{39FE349F-E9E0-4279-9258-D3E0BF121A6B}.Win8.1 Release|Win32.Build.0 = Win8.1 Release|Win32
		{39FE349F-E9E0-4279-9258-D3E0BF121A6B}.Win8.1 Release|Win32.Deploy.0 = Win8.1 Release|Win32
		{39FE349F-E9E0-4279-9258-D3E0BF121A6B}.Win8.1 Release|x64.ActiveCfg = Win8.1 Release|x64
		{39FE349F-E9E0-4279-9258-D3E0BF121A6B}.Win8.1 Release|x64.Build.0 = Win8.1 Release|x64
		{39FE349F-E9E0-4279-9258-D3E0BF121A6B}.Win8.1 Release|x64.Deploy.0 = Win8.1 Release|x64
		{151E645B-ECF9-40AB-9422-3669ECDC80B8}.Win7 Debug|Win32.ActiveCfg = Win7 Debug|Win32
		{151E645B-ECF9-40AB-9422-3669ECDC80B8}.Win7 Debug|Win32.Build.0 = Win7 Debug|Win32
		{151E645B-ECF9-40AB-9422-3669ECDC80B8}.Win7 Debug|Win32.Deploy.0 = Win7 Debug|Win32
		{151E645B-ECF9-40AB-9422-3669ECDC80B8}.Win7 Debug|x64.ActiveCfg = Win7 Debug|x64
		{151E645B-ECF9-40AB-9422-3669ECDC80B8}.Win7 Debug|x64.Build.0 = Win7 Debug|x64
		{151E645B-ECF9-40AB-9422-3669ECDC80B8}.Win7 Debug|x64.Deploy.0 = Win7 Debug|x64
		{151E645B-ECF9-40AB-9422-3669ECDC80B8}.Win7 Release|Win32.ActiveCfg = Win7 Release|Win32
		{151E645B-ECF9-40AB-9422-3669ECDC80B8}.Win7 Release|Win32.Build.0 = Win7 Release|Win32
		{151E645B-ECF9-40AB-9422-3669ECDC80B8}.Win7 Release|Win32.Deploy.0 = Win7 Release|Win32
		{151E645B-ECF9-40AB-9422-3669ECDC80B8}.Win7 Release|x64.ActiveCfg = Win7 Release|x64
		{151E645B-ECF9-40AB-9422-3669ECDC80B8}.Win7 Release|x64.Build.0 = Win7 Release|x64
		{151E645B-ECF9-40AB-9422-3669ECDC80B8}.Win7 Release|x64.Deploy.0 = Win7 Release|x64
		{151E645B-ECF9-40AB-9422-3669ECDC80B8}.Win8 Debug|Win32.ActiveCfg = Win8 Debug|Win32
		{151E645B-ECF9-40AB-9422-3669ECDC80B8}.Win8 Debug|Win32.Build.0 = Win8 Debug|Win32
		{151E645B-ECF9-40AB-9422-3669ECDC80B8}.Win8 Debug|Win32.Deploy.0 = Win8 Debug|Win32
		{151E645B-ECF9-40AB-9422-3669ECDC80B8}.Win8 Debug|x64.ActiveCfg = Win8 Debug|x64
		{151E645B-ECF9-40AB-9422-3669ECDC80B8}.Win8 Debug|x64.Build.0 = Win8 Debug|x64
		{151E645B-ECF9-40AB-9422-3669ECDC80B8}.Win8 Debug|x64.Deploy.0 = Win8 Debug|x64
		{151E645B-ECF9-40AB-9422-3669ECDC80B8}.Win8 Release|Win32.ActiveCfg = Win8 Release|Win32
		{151E645B-ECF9-40AB-9422-3669ECDC80B8}.Win8 Release|Win32.Build.0 = Win8 Release|Win32
		{151E645B-ECF9-40AB-9422-3669ECDC80B8}.Win8 Release|Win32.Deploy.0 = Win8 Release|Win32
		{151E645B-ECF9-40AB-9422-3669ECDC80B8}.Win8 Release|x64.ActiveCfg = Win8 Release|x64
		{151E645B-ECF9-40AB-9422-3669ECDC80B8}.Win8 Release|x64.Build.0 = Win8 Release|x64
		{151E645B-ECF9-40AB-9422-3669ECDC80B8}.Win8 Release|x64.Deploy.0 = Win8 Release|x64
		{151E645B-ECF9-40AB-9422-3669ECDC80B8}.Win8.1 Debug|Win32.ActiveCfg = Win8.1 Debug|Win32
		{151E645B-ECF9-40AB-9422-3669ECDC80B8}.Win8.1 Debug|Win32.Build.0 = Win8.1 Debug|Win32
		{151E645B-ECF9-40AB-9422-3669ECDC80B8}.Win8.1 Debug|Win32.Deploy.0 = Win8.1 Debug|Win32
		{151E645B-ECF9-40AB-9422-3669ECDC80B8}.Win8.1 Debug|x64.ActiveCfg = Win8.1 Debug|x64
		{151E645B-ECF9-40AB-9422-3669ECDC80B8}.Win8.1 Debug|x64.Build.0 = Win8.1 Debug|x64
		{151E645B-ECF9-40AB-9422-3669ECDC80B8}.Win8.1 Debug|x64.Deploy.0 = Win8.1 Debug|x64
		{151E645B-ECF9-40AB-9422-3669ECDC80B8}.Win8.1 Release|Win32.ActiveCfg = Win8.1 Release|Win32
		{151E645B-ECF9-40AB-9422-3669ECDC80B8}.Win8.1 Release|Win32.Build.0 = Win8.1 Release|Win32
		{151E645B-ECF9-40AB-9422-3669ECDC80B8}.Win8.1 Release|Win32.Deploy.0 = Win8.1 Release|Win32
		{151E645B-ECF9-40AB-9422-3669ECDC80B8}.Win8.1 Release|x64.ActiveCfg = Win8.1 Release|x64
		{151E645B-ECF9-40AB-9422-3669ECDC80B8}.Win8.1 Release|x64.Build.0 = Win8.1 Release|x64
		{151E645B-ECF9-40AB-9422-3669ECDC80B8}.Win8.1 Release|x64.Deploy.0 = Win8.1 Release|x64
	EndGlobalSection
	GlobalSection(SolutionProperties) = preSolution
		HideSolutionNode = FALSE
	EndGlobalSection
EndGlobal
